
Microsoft Visual Studio Solution File, Format Version 12.00
# Visual Studio Version 17
VisualStudioVersion = 17.7.34031.279
MinimumVisualStudioVersion = 10.0.40219.1
Project("{FAE04EC0-301F-11D3-BF4B-00C04F79EFBC}") = "Week5secB", "Week5secB\Week5secB.csproj", "{9C92A3D4-2A31-4FD7-8B70-97EA19DCC3D4}"
EndProject
Global
	GlobalSection(SolutionConfigurationPlatforms) = preSolution
		Debug|Any CPU = Debug|Any CPU
		Release|Any CPU = Release|Any CPU
	EndGlobalSection
	GlobalSection(ProjectConfigurationPlatforms) = postSolution
		{9C92A3D4-2A31-4FD7-8B70-97EA19DCC3D4}.Debug|Any CPU.ActiveCfg = Debug|Any CPU
		{9C92A3D4-2A31-4FD7-8B70-97EA19DCC3D4}.Debug|Any CPU.Build.0 = Debug|Any CPU
		{9C92A3D4-2A31-4FD7-8B70-97EA19DCC3D4}.Release|Any CPU.ActiveCfg = Release|Any CPU
		{9C92A3D4-2A31-4FD7-8B70-97EA19DCC3D4}.Release|Any CPU.Build.0 = Release|Any CPU
	EndGlobalSection
	GlobalSection(SolutionProperties) = preSolution
		HideSolutionNode = FALSE
	EndGlobalSection
	GlobalSection(ExtensibilityGlobals) = postSolution
		SolutionGuid = {53613778-2D32-4C42-BC4C-BA3C0DC75D79}
	EndGlobalSection
EndGlobal
